
Microsoft Visual Studio Solution File, Format Version 12.00
# Visual Studio Version 17
VisualStudioVersion = 17.5.002.0
MinimumVisualStudioVersion = 10.0.40219.1
Project("{2150E333-8FDC-42A3-9474-1A3956D46DE8}") = "tests", "tests", "{C7F21EA9-86C8-4CB7-8EB0-311B72E8D641}"
EndProject
Project("{9A19103F-16F7-4668-BE54-9A1E7A4F7556}") = "Integration.Tests", "tests\Integration\Integration.Tests.csproj", "{3C437ECE-E393-45C1-8764-0D6FFDFA1697}"
EndProject
Project("{9A19103F-16F7-4668-BE54-9A1E7A4F7556}") = "Web.Tests", "tests\Web\Web.Tests.csproj", "{8124CEBD-A01B-43C2-AD34-EA26D5CC0571}"
EndProject
Project("{2150E333-8FDC-42A3-9474-1A3956D46DE8}") = "src", "src", "{67B7475D-DC94-4652-B6BA-16C20AF18BB3}"
EndProject
Project("{2150E333-8FDC-42A3-9474-1A3956D46DE8}") = "Core", "Core", "{1AA566A5-811A-4211-B7A1-7E2F33033F6B}"
EndProject
Project("{9A19103F-16F7-4668-BE54-9A1E7A4F7556}") = "Application", "src\Core\Application\Application.csproj", "{3A83D58F-0753-4426-9447-A49A0794B2CC}"
EndProject
Project("{9A19103F-16F7-4668-BE54-9A1E7A4F7556}") = "Common", "src\Core\Common\Common.csproj", "{98359214-1187-46B3-80F2-7B209A261BC8}"
EndProject
Project("{9A19103F-16F7-4668-BE54-9A1E7A4F7556}") = "Domain", "src\Core\Domain\Domain.csproj", "{C1210808-631F-4053-B0C3-5E89AFFD9AB2}"
EndProject
Project("{2150E333-8FDC-42A3-9474-1A3956D46DE8}") = "Infrastructure", "Infrastructure", "{E7CD757A-733E-4B0A-9999-9FBA74B06CE2}"
EndProject
Project("{9A19103F-16F7-4668-BE54-9A1E7A4F7556}") = "Infrastructure", "src\Infrastructure\Infrastructure\Infrastructure.csproj", "{4276C7D3-576C-43AF-88DD-D9DBFA644F1B}"
EndProject
Project("{2150E333-8FDC-42A3-9474-1A3956D46DE8}") = "Presentation", "Presentation", "{32A6286C-7BA9-4C53-A8AB-9CE0067DA171}"
EndProject
Project("{9A19103F-16F7-4668-BE54-9A1E7A4F7556}") = "STS", "src\Presentation\STS\STS.csproj", "{48F016C7-1A9B-4578-BA39-7541D1D19EFB}"
EndProject
Project("{9A19103F-16F7-4668-BE54-9A1E7A4F7556}") = "Web", "src\Presentation\Web\Web.csproj", "{2BEE6BA1-4245-4DEC-9ECE-D02581875DC3}"
EndProject
Global
	GlobalSection(SolutionConfigurationPlatforms) = preSolution
		Debug|Any CPU = Debug|Any CPU
		Release|Any CPU = Release|Any CPU
	EndGlobalSection
	GlobalSection(ProjectConfigurationPlatforms) = postSolution
		{3C437ECE-E393-45C1-8764-0D6FFDFA1697}.Debug|Any CPU.ActiveCfg = Debug|Any CPU
		{3C437ECE-E393-45C1-8764-0D6FFDFA1697}.Debug|Any CPU.Build.0 = Debug|Any CPU
		{3C437ECE-E393-45C1-8764-0D6FFDFA1697}.Release|Any CPU.ActiveCfg = Release|Any CPU
		{3C437ECE-E393-45C1-8764-0D6FFDFA1697}.Release|Any CPU.Build.0 = Release|Any CPU
		{8124CEBD-A01B-43C2-AD34-EA26D5CC0571}.Debug|Any CPU.ActiveCfg = Debug|Any CPU
		{8124CEBD-A01B-43C2-AD34-EA26D5CC0571}.Debug|Any CPU.Build.0 = Debug|Any CPU
		{8124CEBD-A01B-43C2-AD34-EA26D5CC0571}.Release|Any CPU.ActiveCfg = Release|Any CPU
		{8124CEBD-A01B-43C2-AD34-EA26D5CC0571}.Release|Any CPU.Build.0 = Release|Any CPU
		{3A83D58F-0753-4426-9447-A49A0794B2CC}.Debug|Any CPU.ActiveCfg = Debug|Any CPU
		{3A83D58F-0753-4426-9447-A49A0794B2CC}.Debug|Any CPU.Build.0 = Debug|Any CPU
		{3A83D58F-0753-4426-9447-A49A0794B2CC}.Release|Any CPU.ActiveCfg = Release|Any CPU
		{3A83D58F-0753-4426-9447-A49A0794B2CC}.Release|Any CPU.Build.0 = Release|Any CPU
		{98359214-1187-46B3-80F2-7B209A261BC8}.Debug|Any CPU.ActiveCfg = Debug|Any CPU
		{98359214-1187-46B3-80F2-7B209A261BC8}.Debug|Any CPU.Build.0 = Debug|Any CPU
		{98359214-1187-46B3-80F2-7B209A261BC8}.Release|Any CPU.ActiveCfg = Release|Any CPU
		{98359214-1187-46B3-80F2-7B209A261BC8}.Release|Any CPU.Build.0 = Release|Any CPU
		{C1210808-631F-4053-B0C3-5E89AFFD9AB2}.Debug|Any CPU.ActiveCfg = Debug|Any CPU
		{C1210808-631F-4053-B0C3-5E89AFFD9AB2}.Debug|Any CPU.Build.0 = Debug|Any CPU
		{C1210808-631F-4053-B0C3-5E89AFFD9AB2}.Release|Any CPU.ActiveCfg = Release|Any CPU
		{C1210808-631F-4053-B0C3-5E89AFFD9AB2}.Release|Any CPU.Build.0 = Release|Any CPU
		{4276C7D3-576C-43AF-88DD-D9DBFA644F1B}.Debug|Any CPU.ActiveCfg = Debug|Any CPU
		{4276C7D3-576C-43AF-88DD-D9DBFA644F1B}.Debug|Any CPU.Build.0 = Debug|Any CPU
		{4276C7D3-576C-43AF-88DD-D9DBFA644F1B}.Release|Any CPU.ActiveCfg = Release|Any CPU
		{4276C7D3-576C-43AF-88DD-D9DBFA644F1B}.Release|Any CPU.Build.0 = Release|Any CPU
		{48F016C7-1A9B-4578-BA39-7541D1D19EFB}.Debug|Any CPU.ActiveCfg = Debug|Any CPU
		{48F016C7-1A9B-4578-BA39-7541D1D19EFB}.Debug|Any CPU.Build.0 = Debug|Any CPU
		{48F016C7-1A9B-4578-BA39-7541D1D19EFB}.Release|Any CPU.ActiveCfg = Release|Any CPU
		{48F016C7-1A9B-4578-BA39-7541D1D19EFB}.Release|Any CPU.Build.0 = Release|Any CPU
		{2BEE6BA1-4245-4DEC-9ECE-D02581875DC3}.Debug|Any CPU.ActiveCfg = Debug|Any CPU
		{2BEE6BA1-4245-4DEC-9ECE-D02581875DC3}.Debug|Any CPU.Build.0 = Debug|Any CPU
		{2BEE6BA1-4245-4DEC-9ECE-D02581875DC3}.Release|Any CPU.ActiveCfg = Release|Any CPU
		{2BEE6BA1-4245-4DEC-9ECE-D02581875DC3}.Release|Any CPU.Build.0 = Release|Any CPU
	EndGlobalSection
	GlobalSection(SolutionProperties) = preSolution
		HideSolutionNode = FALSE
	EndGlobalSection
	GlobalSection(NestedProjects) = preSolution
		{3C437ECE-E393-45C1-8764-0D6FFDFA1697} = {C7F21EA9-86C8-4CB7-8EB0-311B72E8D641}
		{8124CEBD-A01B-43C2-AD34-EA26D5CC0571} = {C7F21EA9-86C8-4CB7-8EB0-311B72E8D641}
		{1AA566A5-811A-4211-B7A1-7E2F33033F6B} = {67B7475D-DC94-4652-B6BA-16C20AF18BB3}
		{3A83D58F-0753-4426-9447-A49A0794B2CC} = {1AA566A5-811A-4211-B7A1-7E2F33033F6B}
		{98359214-1187-46B3-80F2-7B209A261BC8} = {1AA566A5-811A-4211-B7A1-7E2F33033F6B}
		{C1210808-631F-4053-B0C3-5E89AFFD9AB2} = {1AA566A5-811A-4211-B7A1-7E2F33033F6B}
		{E7CD757A-733E-4B0A-9999-9FBA74B06CE2} = {67B7475D-DC94-4652-B6BA-16C20AF18BB3}
		{4276C7D3-576C-43AF-88DD-D9DBFA644F1B} = {E7CD757A-733E-4B0A-9999-9FBA74B06CE2}
		{32A6286C-7BA9-4C53-A8AB-9CE0067DA171} = {67B7475D-DC94-4652-B6BA-16C20AF18BB3}
		{48F016C7-1A9B-4578-BA39-7541D1D19EFB} = {32A6286C-7BA9-4C53-A8AB-9CE0067DA171}
		{2BEE6BA1-4245-4DEC-9ECE-D02581875DC3} = {32A6286C-7BA9-4C53-A8AB-9CE0067DA171}
	EndGlobalSection
	GlobalSection(ExtensibilityGlobals) = postSolution
		SolutionGuid = {8DDACBC6-B0DE-4B2E-B89A-C8650E147685}
	EndGlobalSection
EndGlobal
