
Microsoft Visual Studio Solution File, Format Version 12.00
# Visual Studio Version 17
VisualStudioVersion = 17.5.002.0
MinimumVisualStudioVersion = 10.0.40219.1
Project("{2150E333-8FDC-42A3-9474-1A3956D46DE8}") = "tests", "tests", "{F16D432B-B83B-4C27-B2D8-7CAA83284E66}"
EndProject
Project("{9A19103F-16F7-4668-BE54-9A1E7A4F7556}") = "Integration.Tests", "tests\Integration\Integration.Tests.csproj", "{355AEFC4-5511-4CE4-912C-330F874E5240}"
EndProject
Project("{9A19103F-16F7-4668-BE54-9A1E7A4F7556}") = "Web.Tests", "tests\Web\Web.Tests.csproj", "{0EB5037A-5574-40C6-B642-FB34C0AFA9D1}"
EndProject
Project("{2150E333-8FDC-42A3-9474-1A3956D46DE8}") = "src", "src", "{250813E0-0A2C-472F-A704-9625111EA3B2}"
EndProject
Project("{2150E333-8FDC-42A3-9474-1A3956D46DE8}") = "Core", "Core", "{97E4929F-82FD-4C7E-922A-84329485443E}"
EndProject
Project("{9A19103F-16F7-4668-BE54-9A1E7A4F7556}") = "Application", "src\Core\Application\Application.csproj", "{6B6C93CE-4AC2-4A69-B126-D78EDF6B674C}"
EndProject
Project("{9A19103F-16F7-4668-BE54-9A1E7A4F7556}") = "Common", "src\Core\Common\Common.csproj", "{53E79B8D-3924-4B64-88A7-06AC0F5478A6}"
EndProject
Project("{9A19103F-16F7-4668-BE54-9A1E7A4F7556}") = "Domain", "src\Core\Domain\Domain.csproj", "{3C132465-1792-49DD-A4B5-E0EED7424BFB}"
EndProject
Project("{2150E333-8FDC-42A3-9474-1A3956D46DE8}") = "Infrastructure", "Infrastructure", "{CD0A1148-15A8-42E8-8B56-0F6B5B5AA0A9}"
EndProject
Project("{9A19103F-16F7-4668-BE54-9A1E7A4F7556}") = "Infrastructure", "src\Infrastructure\Infrastructure\Infrastructure.csproj", "{F819CD1A-F549-438E-8BC8-22AF11F7101F}"
EndProject
Project("{2150E333-8FDC-42A3-9474-1A3956D46DE8}") = "Presentation", "Presentation", "{FFDB1150-9635-425D-9996-54A2A6472858}"
EndProject
Project("{9A19103F-16F7-4668-BE54-9A1E7A4F7556}") = "STS", "src\Presentation\STS\STS.csproj", "{2595F4C1-5F90-4186-A402-7060F9D21D4B}"
EndProject
Project("{9A19103F-16F7-4668-BE54-9A1E7A4F7556}") = "Web", "src\Presentation\Web\Web.csproj", "{6B4B71F9-DE65-4A50-BFA6-1A52273836C8}"
EndProject
Global
	GlobalSection(SolutionConfigurationPlatforms) = preSolution
		Debug|Any CPU = Debug|Any CPU
		Release|Any CPU = Release|Any CPU
	EndGlobalSection
	GlobalSection(ProjectConfigurationPlatforms) = postSolution
		{355AEFC4-5511-4CE4-912C-330F874E5240}.Debug|Any CPU.ActiveCfg = Debug|Any CPU
		{355AEFC4-5511-4CE4-912C-330F874E5240}.Debug|Any CPU.Build.0 = Debug|Any CPU
		{355AEFC4-5511-4CE4-912C-330F874E5240}.Release|Any CPU.ActiveCfg = Release|Any CPU
		{355AEFC4-5511-4CE4-912C-330F874E5240}.Release|Any CPU.Build.0 = Release|Any CPU
		{0EB5037A-5574-40C6-B642-FB34C0AFA9D1}.Debug|Any CPU.ActiveCfg = Debug|Any CPU
		{0EB5037A-5574-40C6-B642-FB34C0AFA9D1}.Debug|Any CPU.Build.0 = Debug|Any CPU
		{0EB5037A-5574-40C6-B642-FB34C0AFA9D1}.Release|Any CPU.ActiveCfg = Release|Any CPU
		{0EB5037A-5574-40C6-B642-FB34C0AFA9D1}.Release|Any CPU.Build.0 = Release|Any CPU
		{6B6C93CE-4AC2-4A69-B126-D78EDF6B674C}.Debug|Any CPU.ActiveCfg = Debug|Any CPU
		{6B6C93CE-4AC2-4A69-B126-D78EDF6B674C}.Debug|Any CPU.Build.0 = Debug|Any CPU
		{6B6C93CE-4AC2-4A69-B126-D78EDF6B674C}.Release|Any CPU.ActiveCfg = Release|Any CPU
		{6B6C93CE-4AC2-4A69-B126-D78EDF6B674C}.Release|Any CPU.Build.0 = Release|Any CPU
		{53E79B8D-3924-4B64-88A7-06AC0F5478A6}.Debug|Any CPU.ActiveCfg = Debug|Any CPU
		{53E79B8D-3924-4B64-88A7-06AC0F5478A6}.Debug|Any CPU.Build.0 = Debug|Any CPU
		{53E79B8D-3924-4B64-88A7-06AC0F5478A6}.Release|Any CPU.ActiveCfg = Release|Any CPU
		{53E79B8D-3924-4B64-88A7-06AC0F5478A6}.Release|Any CPU.Build.0 = Release|Any CPU
		{3C132465-1792-49DD-A4B5-E0EED7424BFB}.Debug|Any CPU.ActiveCfg = Debug|Any CPU
		{3C132465-1792-49DD-A4B5-E0EED7424BFB}.Debug|Any CPU.Build.0 = Debug|Any CPU
		{3C132465-1792-49DD-A4B5-E0EED7424BFB}.Release|Any CPU.ActiveCfg = Release|Any CPU
		{3C132465-1792-49DD-A4B5-E0EED7424BFB}.Release|Any CPU.Build.0 = Release|Any CPU
		{F819CD1A-F549-438E-8BC8-22AF11F7101F}.Debug|Any CPU.ActiveCfg = Debug|Any CPU
		{F819CD1A-F549-438E-8BC8-22AF11F7101F}.Debug|Any CPU.Build.0 = Debug|Any CPU
		{F819CD1A-F549-438E-8BC8-22AF11F7101F}.Release|Any CPU.ActiveCfg = Release|Any CPU
		{F819CD1A-F549-438E-8BC8-22AF11F7101F}.Release|Any CPU.Build.0 = Release|Any CPU
		{2595F4C1-5F90-4186-A402-7060F9D21D4B}.Debug|Any CPU.ActiveCfg = Debug|Any CPU
		{2595F4C1-5F90-4186-A402-7060F9D21D4B}.Debug|Any CPU.Build.0 = Debug|Any CPU
		{2595F4C1-5F90-4186-A402-7060F9D21D4B}.Release|Any CPU.ActiveCfg = Release|Any CPU
		{2595F4C1-5F90-4186-A402-7060F9D21D4B}.Release|Any CPU.Build.0 = Release|Any CPU
		{6B4B71F9-DE65-4A50-BFA6-1A52273836C8}.Debug|Any CPU.ActiveCfg = Debug|Any CPU
		{6B4B71F9-DE65-4A50-BFA6-1A52273836C8}.Debug|Any CPU.Build.0 = Debug|Any CPU
		{6B4B71F9-DE65-4A50-BFA6-1A52273836C8}.Release|Any CPU.ActiveCfg = Release|Any CPU
		{6B4B71F9-DE65-4A50-BFA6-1A52273836C8}.Release|Any CPU.Build.0 = Release|Any CPU
	EndGlobalSection
	GlobalSection(SolutionProperties) = preSolution
		HideSolutionNode = FALSE
	EndGlobalSection
	GlobalSection(NestedProjects) = preSolution
		{355AEFC4-5511-4CE4-912C-330F874E5240} = {F16D432B-B83B-4C27-B2D8-7CAA83284E66}
		{0EB5037A-5574-40C6-B642-FB34C0AFA9D1} = {F16D432B-B83B-4C27-B2D8-7CAA83284E66}
		{97E4929F-82FD-4C7E-922A-84329485443E} = {250813E0-0A2C-472F-A704-9625111EA3B2}
		{6B6C93CE-4AC2-4A69-B126-D78EDF6B674C} = {97E4929F-82FD-4C7E-922A-84329485443E}
		{53E79B8D-3924-4B64-88A7-06AC0F5478A6} = {97E4929F-82FD-4C7E-922A-84329485443E}
		{3C132465-1792-49DD-A4B5-E0EED7424BFB} = {97E4929F-82FD-4C7E-922A-84329485443E}
		{CD0A1148-15A8-42E8-8B56-0F6B5B5AA0A9} = {250813E0-0A2C-472F-A704-9625111EA3B2}
		{F819CD1A-F549-438E-8BC8-22AF11F7101F} = {CD0A1148-15A8-42E8-8B56-0F6B5B5AA0A9}
		{FFDB1150-9635-425D-9996-54A2A6472858} = {250813E0-0A2C-472F-A704-9625111EA3B2}
		{2595F4C1-5F90-4186-A402-7060F9D21D4B} = {FFDB1150-9635-425D-9996-54A2A6472858}
		{6B4B71F9-DE65-4A50-BFA6-1A52273836C8} = {FFDB1150-9635-425D-9996-54A2A6472858}
	EndGlobalSection
	GlobalSection(ExtensibilityGlobals) = postSolution
		SolutionGuid = {FF6068D8-CFE9-4114-8CD9-E463F8EEC359}
	EndGlobalSection
EndGlobal
